// !$*UTF8*$!
{
	archiveVersion = 1;
	classes = {
	};
	objectVersion = 46;
	objects = {

/* Begin PBXBuildFile section */
		75DE96A77546578EB764EB76 /* Pods_BACEstimator.framework in Frameworks */ = {isa = PBXBuildFile; fileRef = EF8ADAAA29E3B276418248A3 /* Pods_BACEstimator.framework */; };
		B1D527AD1D53F00900280D91 /* AppDelegate.swift in Sources */ = {isa = PBXBuildFile; fileRef = B1D527AC1D53F00900280D91 /* AppDelegate.swift */; };
		B1D527AF1D53F00900280D91 /* ViewController.swift in Sources */ = {isa = PBXBuildFile; fileRef = B1D527AE1D53F00900280D91 /* ViewController.swift */; };
		B1D527B21D53F00900280D91 /* Main.storyboard in Resources */ = {isa = PBXBuildFile; fileRef = B1D527B01D53F00900280D91 /* Main.storyboard */; };
		B1D527B41D53F00900280D91 /* Assets.xcassets in Resources */ = {isa = PBXBuildFile; fileRef = B1D527B31D53F00900280D91 /* Assets.xcassets */; };
		B1D527B71D53F00900280D91 /* LaunchScreen.storyboard in Resources */ = {isa = PBXBuildFile; fileRef = B1D527B51D53F00900280D91 /* LaunchScreen.storyboard */; };
		B1D527BF1D53F1C100280D91 /* GoogleService-Info.plist in Resources */ = {isa = PBXBuildFile; fileRef = B1D527BE1D53F1C100280D91 /* GoogleService-Info.plist */; };
/* End PBXBuildFile section */

/* Begin PBXFileReference section */
		51833296E8D68CA2DD93902D /* Pods-BACEstimator.release.xcconfig */ = {isa = PBXFileReference; includeInIndex = 1; lastKnownFileType = text.xcconfig; name = "Pods-BACEstimator.release.xcconfig"; path = "Pods/Target Support Files/Pods-BACEstimator/Pods-BACEstimator.release.xcconfig"; sourceTree = "<group>"; };
		7104B0AB1B634FAA5C8B919D /* Pods-BACEstimator.debug.xcconfig */ = {isa = PBXFileReference; includeInIndex = 1; lastKnownFileType = text.xcconfig; name = "Pods-BACEstimator.debug.xcconfig"; path = "Pods/Target Support Files/Pods-BACEstimator/Pods-BACEstimator.debug.xcconfig"; sourceTree = "<group>"; };
		B1D527A91D53F00900280D91 /* BACEstimator.app */ = {isa = PBXFileReference; explicitFileType = wrapper.application; includeInIndex = 0; path = BACEstimator.app; sourceTree = BUILT_PRODUCTS_DIR; };
		B1D527AC1D53F00900280D91 /* AppDelegate.swift */ = {isa = PBXFileReference; lastKnownFileType = sourcecode.swift; path = AppDelegate.swift; sourceTree = "<group>"; };
		B1D527AE1D53F00900280D91 /* ViewController.swift */ = {isa = PBXFileReference; lastKnownFileType = sourcecode.swift; path = ViewController.swift; sourceTree = "<group>"; };
		B1D527B11D53F00900280D91 /* Base */ = {isa = PBXFileReference; lastKnownFileType = file.storyboard; name = Base; path = Base.lproj/Main.storyboard; sourceTree = "<group>"; };
		B1D527B31D53F00900280D91 /* Assets.xcassets */ = {isa = PBXFileReference; lastKnownFileType = folder.assetcatalog; path = Assets.xcassets; sourceTree = "<group>"; };
		B1D527B61D53F00900280D91 /* Base */ = {isa = PBXFileReference; lastKnownFileType = file.storyboard; name = Base; path = Base.lproj/LaunchScreen.storyboard; sourceTree = "<group>"; };
		B1D527B81D53F00900280D91 /* Info.plist */ = {isa = PBXFileReference; lastKnownFileType = text.plist.xml; path = Info.plist; sourceTree = "<group>"; };
		B1D527BE1D53F1C100280D91 /* GoogleService-Info.plist */ = {isa = PBXFileReference; fileEncoding = 4; lastKnownFileType = text.plist.xml; path = "GoogleService-Info.plist"; sourceTree = "<group>"; };
		EF8ADAAA29E3B276418248A3 /* Pods_BACEstimator.framework */ = {isa = PBXFileReference; explicitFileType = wrapper.framework; includeInIndex = 0; path = Pods_BACEstimator.framework; sourceTree = BUILT_PRODUCTS_DIR; };
/* End PBXFileReference section */

/* Begin PBXFrameworksBuildPhase section */
		B1D527A61D53F00900280D91 /* Frameworks */ = {
			isa = PBXFrameworksBuildPhase;
			buildActionMask = 2147483647;
			files = (
				75DE96A77546578EB764EB76 /* Pods_BACEstimator.framework in Frameworks */,
			);
			runOnlyForDeploymentPostprocessing = 0;
		};
/* End PBXFrameworksBuildPhase section */

/* Begin PBXGroup section */
		ACFD1A373EEDB29863946456 /* Frameworks */ = {
			isa = PBXGroup;
			children = (
				EF8ADAAA29E3B276418248A3 /* Pods_BACEstimator.framework */,
			);
			name = Frameworks;
			sourceTree = "<group>";
		};
		B1D527A01D53F00900280D91 = {
			isa = PBXGroup;
			children = (
				B1D527AB1D53F00900280D91 /* BACEstimator */,
				B1D527AA1D53F00900280D91 /* Products */,
				C229176EBF359941CCE37F33 /* Pods */,
				ACFD1A373EEDB29863946456 /* Frameworks */,
			);
			sourceTree = "<group>";
		};
		B1D527AA1D53F00900280D91 /* Products */ = {
			isa = PBXGroup;
			children = (
				B1D527A91D53F00900280D91 /* BACEstimator.app */,
			);
			name = Products;
			sourceTree = "<group>";
		};
		B1D527AB1D53F00900280D91 /* BACEstimator */ = {
			isa = PBXGroup;
			children = (
				B1D527AC1D53F00900280D91 /* AppDelegate.swift */,
				B1D527AE1D53F00900280D91 /* ViewController.swift */,
				B1D527B01D53F00900280D91 /* Main.storyboard */,
				B1D527B31D53F00900280D91 /* Assets.xcassets */,
				B1D527B51D53F00900280D91 /* LaunchScreen.storyboard */,
				B1D527BE1D53F1C100280D91 /* GoogleService-Info.plist */,
				B1D527B81D53F00900280D91 /* Info.plist */,
			);
			path = BACEstimator;
			sourceTree = "<group>";
		};
		C229176EBF359941CCE37F33 /* Pods */ = {
			isa = PBXGroup;
			children = (
				7104B0AB1B634FAA5C8B919D /* Pods-BACEstimator.debug.xcconfig */,
				51833296E8D68CA2DD93902D /* Pods-BACEstimator.release.xcconfig */,
			);
			name = Pods;
			sourceTree = "<group>";
		};
/* End PBXGroup section */

/* Begin PBXNativeTarget section */
		B1D527A81D53F00900280D91 /* BACEstimator */ = {
			isa = PBXNativeTarget;
			buildConfigurationList = B1D527BB1D53F00900280D91 /* Build configuration list for PBXNativeTarget "BACEstimator" */;
			buildPhases = (
				1C65DEE622223D6D9C0854A5 /* [CP] Check Pods Manifest.lock */,
				B1D527A51D53F00900280D91 /* Sources */,
				B1D527A61D53F00900280D91 /* Frameworks */,
				B1D527A71D53F00900280D91 /* Resources */,
				159FAE05826769BB7D03A0F4 /* [CP] Embed Pods Frameworks */,
				702343E60F3FDA933B94884C /* [CP] Copy Pods Resources */,
			);
			buildRules = (
			);
			dependencies = (
			);
			name = BACEstimator;
			productName = BACEstimator;
			productReference = B1D527A91D53F00900280D91 /* BACEstimator.app */;
			productType = "com.apple.product-type.application";
		};
/* End PBXNativeTarget section */

/* Begin PBXProject section */
		B1D527A11D53F00900280D91 /* Project object */ = {
			isa = PBXProject;
			attributes = {
				LastSwiftUpdateCheck = 0730;
				LastUpgradeCheck = 0730;
				ORGANIZATIONNAME = "H Hugo Falkman";
				TargetAttributes = {
					B1D527A81D53F00900280D91 = {
						CreatedOnToolsVersion = 7.3.1;
					};
				};
			};
			buildConfigurationList = B1D527A41D53F00900280D91 /* Build configuration list for PBXProject "BACEstimator" */;
			compatibilityVersion = "Xcode 3.2";
			developmentRegion = English;
			hasScannedForEncodings = 0;
			knownRegions = (
				en,
				Base,
			);
			mainGroup = B1D527A01D53F00900280D91;
			productRefGroup = B1D527AA1D53F00900280D91 /* Products */;
			projectDirPath = "";
			projectRoot = "";
			targets = (
				B1D527A81D53F00900280D91 /* BACEstimator */,
			);
		};
/* End PBXProject section */

/* Begin PBXResourcesBuildPhase section */
		B1D527A71D53F00900280D91 /* Resources */ = {
			isa = PBXResourcesBuildPhase;
			buildActionMask = 2147483647;
			files = (
				B1D527B71D53F00900280D91 /* LaunchScreen.storyboard in Resources */,
				B1D527BF1D53F1C100280D91 /* GoogleService-Info.plist in Resources */,
				B1D527B41D53F00900280D91 /* Assets.xcassets in Resources */,
				B1D527B21D53F00900280D91 /* Main.storyboard in Resources */,
			);
			runOnlyForDeploymentPostprocessing = 0;
		};
/* End PBXResourcesBuildPhase section */

/* Begin PBXShellScriptBuildPhase section */
		159FAE05826769BB7D03A0F4 /* [CP] Embed Pods Frameworks */ = {
			isa = PBXShellScriptBuildPhase;
			buildActionMask = 2147483647;
			files = (
			);
			inputPaths = (
			);
			name = "[CP] Embed Pods Frameworks";
			outputPaths = (
			);
			runOnlyForDeploymentPostprocessing = 0;
			shellPath = /bin/sh;
			shellScript = "\"${SRCROOT}/Pods/Target Support Files/Pods-BACEstimator/Pods-BACEstimator-frameworks.sh\"\n";
			showEnvVarsInLog = 0;
		};
		1C65DEE622223D6D9C0854A5 /* [CP] Check Pods Manifest.lock */ = {
			isa = PBXShellScriptBuildPhase;
			buildActionMask = 2147483647;
			files = (
			);
			inputPaths = (
			);
			name = "[CP] Check Pods Manifest.lock";
			outputPaths = (
			);
			runOnlyForDeploymentPostprocessing = 0;
			shellPath = /bin/sh;
			shellScript = "diff \"${PODS_ROOT}/../Podfile.lock\" \"${PODS_ROOT}/Manifest.lock\" > /dev/null\nif [[ $? != 0 ]] ; then\n    cat << EOM\nerror: The sandbox is not in sync with the Podfile.lock. Run 'pod install' or update your CocoaPods installation.\nEOM\n    exit 1\nfi\n";
			showEnvVarsInLog = 0;
		};
		702343E60F3FDA933B94884C /* [CP] Copy Pods Resources */ = {
			isa = PBXShellScriptBuildPhase;
			buildActionMask = 2147483647;
			files = (
			);
			inputPaths = (
			);
			name = "[CP] Copy Pods Resources";
			outputPaths = (
			);
			runOnlyForDeploymentPostprocessing = 0;
			shellPath = /bin/sh;
			shellScript = "\"${SRCROOT}/Pods/Target Support Files/Pods-BACEstimator/Pods-BACEstimator-resources.sh\"\n";
			showEnvVarsInLog = 0;
		};
/* End PBXShellScriptBuildPhase section */

/* Begin PBXSourcesBuildPhase section */
		B1D527A51D53F00900280D91 /* Sources */ = {
			isa = PBXSourcesBuildPhase;
			buildActionMask = 2147483647;
			files = (
				B1D527AF1D53F00900280D91 /* ViewController.swift in Sources */,
				B1D527AD1D53F00900280D91 /* AppDelegate.swift in Sources */,
			);
			runOnlyForDeploymentPostprocessing = 0;
		};
/* End PBXSourcesBuildPhase section */

/* Begin PBXVariantGroup section */
		B1D527B01D53F00900280D91 /* Main.storyboard */ = {
			isa = PBXVariantGroup;
			children = (
				B1D527B11D53F00900280D91 /* Base */,
			);
			name = Main.storyboard;
			sourceTree = "<group>";
		};
		B1D527B51D53F00900280D91 /* LaunchScreen.storyboard */ = {
			isa = PBXVariantGroup;
			children = (
				B1D527B61D53F00900280D91 /* Base */,
			);
			name = LaunchScreen.storyboard;
			sourceTree = "<group>";
		};
/* End PBXVariantGroup section */

/* Begin XCBuildConfiguration section */
		B1D527B91D53F00900280D91 /* Debug */ = {
			isa = XCBuildConfiguration;
			buildSettings = {
				ALWAYS_SEARCH_USER_PATHS = NO;
				CLANG_ANALYZER_NONNULL = YES;
				CLANG_CXX_LANGUAGE_STANDARD = "gnu++0x";
				CLANG_CXX_LIBRARY = "libc++";
				CLANG_ENABLE_MODULES = YES;
				CLANG_ENABLE_OBJC_ARC = YES;
				CLANG_WARN_BOOL_CONVERSION = YES;
				CLANG_WARN_CONSTANT_CONVERSION = YES;
				CLANG_WARN_DIRECT_OBJC_ISA_USAGE = YES_ERROR;
				CLANG_WARN_EMPTY_BODY = YES;
				CLANG_WARN_ENUM_CONVERSION = YES;
				CLANG_WARN_INT_CONVERSION = YES;
				CLANG_WARN_OBJC_ROOT_CLASS = YES_ERROR;
				CLANG_WARN_UNREACHABLE_CODE = YES;
				CLANG_WARN__DUPLICATE_METHOD_MATCH = YES;
				"CODE_SIGN_IDENTITY[sdk=iphoneos*]" = "iPhone Developer";
				COPY_PHASE_STRIP = NO;
				DEBUG_INFORMATION_FORMAT = dwarf;
				ENABLE_STRICT_OBJC_MSGSEND = YES;
				ENABLE_TESTABILITY = YES;
				GCC_C_LANGUAGE_STANDARD = gnu99;
				GCC_DYNAMIC_NO_PIC = NO;
				GCC_NO_COMMON_BLOCKS = YES;
				GCC_OPTIMIZATION_LEVEL = 0;
				GCC_PREPROCESSOR_DEFINITIONS = (
					"DEBUG=1",
					"$(inherited)",
				);
				GCC_WARN_64_TO_32_BIT_CONVERSION = YES;
				GCC_WARN_ABOUT_RETURN_TYPE = YES_ERROR;
				GCC_WARN_UNDECLARED_SELECTOR = YES;
				GCC_WARN_UNINITIALIZED_AUTOS = YES_AGGRESSIVE;
				GCC_WARN_UNUSED_FUNCTION = YES;
				GCC_WARN_UNUSED_VARIABLE = YES;
				IPHONEOS_DEPLOYMENT_TARGET = 9.3;
				MTL_ENABLE_DEBUG_INFO = YES;
				ONLY_ACTIVE_ARCH = YES;
				SDKROOT = iphoneos;
				SWIFT_OPTIMIZATION_LEVEL = "-Onone";
				TARGETED_DEVICE_FAMILY = "1,2";
			};
			name = Debug;
		};
		B1D527BA1D53F00900280D91 /* Release */ = {
			isa = XCBuildConfiguration;
			buildSettings = {
				ALWAYS_SEARCH_USER_PATHS = NO;
				CLANG_ANALYZER_NONNULL = YES;
				CLANG_CXX_LANGUAGE_STANDARD = "gnu++0x";
				CLANG_CXX_LIBRARY = "libc++";
				CLANG_ENABLE_MODULES = YES;
				CLANG_ENABLE_OBJC_ARC = YES;
				CLANG_WARN_BOOL_CONVERSION = YES;
				CLANG_WARN_CONSTANT_CONVERSION = YES;
				CLANG_WARN_DIRECT_OBJC_ISA_USAGE = YES_ERROR;
				CLANG_WARN_EMPTY_BODY = YES;
				CLANG_WARN_ENUM_CONVERSION = YES;
				CLANG_WARN_INT_CONVERSION = YES;
				CLANG_WARN_OBJC_ROOT_CLASS = YES_ERROR;
				CLANG_WARN_UNREACHABLE_CODE = YES;
				CLANG_WARN__DUPLICATE_METHOD_MATCH = YES;
				"CODE_SIGN_IDENTITY[sdk=iphoneos*]" = "iPhone Developer";
				COPY_PHASE_STRIP = NO;
				DEBUG_INFORMATION_FORMAT = "dwarf-with-dsym";
				ENABLE_NS_ASSERTIONS = NO;
				ENABLE_STRICT_OBJC_MSGSEND = YES;
				GCC_C_LANGUAGE_STANDARD = gnu99;
				GCC_NO_COMMON_BLOCKS = YES;
				GCC_WARN_64_TO_32_BIT_CONVERSION = YES;
				GCC_WARN_ABOUT_RETURN_TYPE = YES_ERROR;
				GCC_WARN_UNDECLARED_SELECTOR = YES;
				GCC_WARN_UNINITIALIZED_AUTOS = YES_AGGRESSIVE;
				GCC_WARN_UNUSED_FUNCTION = YES;
				GCC_WARN_UNUSED_VARIABLE = YES;
				IPHONEOS_DEPLOYMENT_TARGET = 9.3;
				MTL_ENABLE_DEBUG_INFO = NO;
				SDKROOT = iphoneos;
				TARGETED_DEVICE_FAMILY = "1,2";
				VALIDATE_PRODUCT = YES;
			};
			name = Release;
		};
		B1D527BC1D53F00900280D91 /* Debug */ = {
			isa = XCBuildConfiguration;
			baseConfigurationReference = 7104B0AB1B634FAA5C8B919D /* Pods-BACEstimator.debug.xcconfig */;
			buildSettings = {
				ASSETCATALOG_COMPILER_APPICON_NAME = AppIcon;
				INFOPLIST_FILE = BACEstimator/Info.plist;
				LD_RUNPATH_SEARCH_PATHS = "$(inherited) @executable_path/Frameworks";
				PRODUCT_BUNDLE_IDENTIFIER = com.hhugofalkman.BACEstimator;
				PRODUCT_NAME = "$(TARGET_NAME)";
			};
			name = Debug;
		};
		B1D527BD1D53F00900280D91 /* Release */ = {
			isa = XCBuildConfiguration;
			baseConfigurationReference = 51833296E8D68CA2DD93902D /* Pods-BACEstimator.release.xcconfig */;
			buildSettings = {
				ASSETCATALOG_COMPILER_APPICON_NAME = AppIcon;
				INFOPLIST_FILE = BACEstimator/Info.plist;
				LD_RUNPATH_SEARCH_PATHS = "$(inherited) @executable_path/Frameworks";
				PRODUCT_BUNDLE_IDENTIFIER = com.hhugofalkman.BACEstimator;
				PRODUCT_NAME = "$(TARGET_NAME)";
			};
			name = Release;
		};
/* End XCBuildConfiguration section */

/* Begin XCConfigurationList section */
		B1D527A41D53F00900280D91 /* Build configuration list for PBXProject "BACEstimator" */ = {
			isa = XCConfigurationList;
			buildConfigurations = (
				B1D527B91D53F00900280D91 /* Debug */,
				B1D527BA1D53F00900280D91 /* Release */,
			);
			defaultConfigurationIsVisible = 0;
			defaultConfigurationName = Release;
		};
		B1D527BB1D53F00900280D91 /* Build configuration list for PBXNativeTarget "BACEstimator" */ = {
			isa = XCConfigurationList;
			buildConfigurations = (
				B1D527BC1D53F00900280D91 /* Debug */,
				B1D527BD1D53F00900280D91 /* Release */,
			);
			defaultConfigurationIsVisible = 0;
			defaultConfigurationName = Release;
		};
/* End XCConfigurationList section */
	};
	rootObject = B1D527A11D53F00900280D91 /* Project object */;
}
